// !$*UTF8*$!
{
	archiveVersion = 1;
	classes = {
	};
	objectVersion = 50;
	objects = {

/* Begin PBXBuildFile section */
		55A8F02024989916003F5BE4 /* Assets.xcassets in Resources */ = {isa = PBXBuildFile; fileRef = 55A8F01F24989916003F5BE4 /* Assets.xcassets */; };
		55A8F02324989916003F5BE4 /* Preview Assets.xcassets in Resources */ = {isa = PBXBuildFile; fileRef = 55A8F02224989916003F5BE4 /* Preview Assets.xcassets */; };
		55A8F02624989916003F5BE4 /* LaunchScreen.storyboard in Resources */ = {isa = PBXBuildFile; fileRef = 55A8F02424989916003F5BE4 /* LaunchScreen.storyboard */; };
		55A8F03124989917003F5BE4 /* SwiftUIListAndNavigationTests.swift in Sources */ = {isa = PBXBuildFile; fileRef = 55A8F03024989917003F5BE4 /* SwiftUIListAndNavigationTests.swift */; };
		55A8F03C24989917003F5BE4 /* SwiftUIListAndNavigationUITests.swift in Sources */ = {isa = PBXBuildFile; fileRef = 55A8F03B24989917003F5BE4 /* SwiftUIListAndNavigationUITests.swift */; };
		55A8F04C24989988003F5BE4 /* SceneDelegate.swift in Sources */ = {isa = PBXBuildFile; fileRef = 55A8F04A24989988003F5BE4 /* SceneDelegate.swift */; };
		55A8F04D24989988003F5BE4 /* AppDelegate.swift in Sources */ = {isa = PBXBuildFile; fileRef = 55A8F04B24989988003F5BE4 /* AppDelegate.swift */; };
		55A8F05324989A3B003F5BE4 /* FruitsDetailView.swift in Sources */ = {isa = PBXBuildFile; fileRef = 55A8F05124989A3B003F5BE4 /* FruitsDetailView.swift */; };
		55A8F05424989A3B003F5BE4 /* FruitsHomePage.swift in Sources */ = {isa = PBXBuildFile; fileRef = 55A8F05224989A3B003F5BE4 /* FruitsHomePage.swift */; };
		55A8F05D24989AB7003F5BE4 /* Fruits.swift in Sources */ = {isa = PBXBuildFile; fileRef = 55A8F05C24989AB7003F5BE4 /* Fruits.swift */; };
/* End PBXBuildFile section */

/* Begin PBXContainerItemProxy section */
		55A8F02D24989917003F5BE4 /* PBXContainerItemProxy */ = {
			isa = PBXContainerItemProxy;
			containerPortal = 55A8F00E24989905003F5BE4 /* Project object */;
			proxyType = 1;
			remoteGlobalIDString = 55A8F01524989905003F5BE4;
			remoteInfo = SwiftUIListAndNavigation;
		};
		55A8F03824989917003F5BE4 /* PBXContainerItemProxy */ = {
			isa = PBXContainerItemProxy;
			containerPortal = 55A8F00E24989905003F5BE4 /* Project object */;
			proxyType = 1;
			remoteGlobalIDString = 55A8F01524989905003F5BE4;
			remoteInfo = SwiftUIListAndNavigation;
		};
/* End PBXContainerItemProxy section */

/* Begin PBXFileReference section */
		55A8F01624989905003F5BE4 /* SwiftUIListAndNavigation.app */ = {isa = PBXFileReference; explicitFileType = wrapper.application; includeInIndex = 0; path = SwiftUIListAndNavigation.app; sourceTree = BUILT_PRODUCTS_DIR; };
		55A8F01F24989916003F5BE4 /* Assets.xcassets */ = {isa = PBXFileReference; lastKnownFileType = folder.assetcatalog; path = Assets.xcassets; sourceTree = "<group>"; };
		55A8F02224989916003F5BE4 /* Preview Assets.xcassets */ = {isa = PBXFileReference; lastKnownFileType = folder.assetcatalog; path = "Preview Assets.xcassets"; sourceTree = "<group>"; };
		55A8F02524989916003F5BE4 /* Base */ = {isa = PBXFileReference; lastKnownFileType = file.storyboard; name = Base; path = Base.lproj/LaunchScreen.storyboard; sourceTree = "<group>"; };
		55A8F02724989916003F5BE4 /* Info.plist */ = {isa = PBXFileReference; lastKnownFileType = text.plist.xml; path = Info.plist; sourceTree = "<group>"; };
		55A8F02C24989917003F5BE4 /* SwiftUIListAndNavigationTests.xctest */ = {isa = PBXFileReference; explicitFileType = wrapper.cfbundle; includeInIndex = 0; path = SwiftUIListAndNavigationTests.xctest; sourceTree = BUILT_PRODUCTS_DIR; };
		55A8F03024989917003F5BE4 /* SwiftUIListAndNavigationTests.swift */ = {isa = PBXFileReference; lastKnownFileType = sourcecode.swift; path = SwiftUIListAndNavigationTests.swift; sourceTree = "<group>"; };
		55A8F03224989917003F5BE4 /* Info.plist */ = {isa = PBXFileReference; lastKnownFileType = text.plist.xml; path = Info.plist; sourceTree = "<group>"; };
		55A8F03724989917003F5BE4 /* SwiftUIListAndNavigationUITests.xctest */ = {isa = PBXFileReference; explicitFileType = wrapper.cfbundle; includeInIndex = 0; path = SwiftUIListAndNavigationUITests.xctest; sourceTree = BUILT_PRODUCTS_DIR; };
		55A8F03B24989917003F5BE4 /* SwiftUIListAndNavigationUITests.swift */ = {isa = PBXFileReference; lastKnownFileType = sourcecode.swift; path = SwiftUIListAndNavigationUITests.swift; sourceTree = "<group>"; };
		55A8F03D24989917003F5BE4 /* Info.plist */ = {isa = PBXFileReference; lastKnownFileType = text.plist.xml; path = Info.plist; sourceTree = "<group>"; };
		55A8F04A24989988003F5BE4 /* SceneDelegate.swift */ = {isa = PBXFileReference; fileEncoding = 4; lastKnownFileType = sourcecode.swift; path = SceneDelegate.swift; sourceTree = "<group>"; };
		55A8F04B24989988003F5BE4 /* AppDelegate.swift */ = {isa = PBXFileReference; fileEncoding = 4; lastKnownFileType = sourcecode.swift; path = AppDelegate.swift; sourceTree = "<group>"; };
		55A8F05124989A3B003F5BE4 /* FruitsDetailView.swift */ = {isa = PBXFileReference; fileEncoding = 4; lastKnownFileType = sourcecode.swift; path = FruitsDetailView.swift; sourceTree = "<group>"; };
		55A8F05224989A3B003F5BE4 /* FruitsHomePage.swift */ = {isa = PBXFileReference; fileEncoding = 4; lastKnownFileType = sourcecode.swift; path = FruitsHomePage.swift; sourceTree = "<group>"; };
		55A8F05C24989AB7003F5BE4 /* Fruits.swift */ = {isa = PBXFileReference; fileEncoding = 4; lastKnownFileType = sourcecode.swift; path = Fruits.swift; sourceTree = "<group>"; };
/* End PBXFileReference section */

/* Begin PBXFrameworksBuildPhase section */
		55A8F01324989905003F5BE4 /* Frameworks */ = {
			isa = PBXFrameworksBuildPhase;
			buildActionMask = 2147483647;
			files = (
			);
			runOnlyForDeploymentPostprocessing = 0;
		};
		55A8F02924989917003F5BE4 /* Frameworks */ = {
			isa = PBXFrameworksBuildPhase;
			buildActionMask = 2147483647;
			files = (
			);
			runOnlyForDeploymentPostprocessing = 0;
		};
		55A8F03424989917003F5BE4 /* Frameworks */ = {
			isa = PBXFrameworksBuildPhase;
			buildActionMask = 2147483647;
			files = (
			);
			runOnlyForDeploymentPostprocessing = 0;
		};
/* End PBXFrameworksBuildPhase section */

/* Begin PBXGroup section */
		55A8F00D24989905003F5BE4 = {
			isa = PBXGroup;
			children = (
				55A8F01824989905003F5BE4 /* SwiftUIListAndNavigation */,
				55A8F02F24989917003F5BE4 /* SwiftUIListAndNavigationTests */,
				55A8F03A24989917003F5BE4 /* SwiftUIListAndNavigationUITests */,
				55A8F01724989905003F5BE4 /* Products */,
			);
			sourceTree = "<group>";
		};
		55A8F01724989905003F5BE4 /* Products */ = {
			isa = PBXGroup;
			children = (
				55A8F01624989905003F5BE4 /* SwiftUIListAndNavigation.app */,
				55A8F02C24989917003F5BE4 /* SwiftUIListAndNavigationTests.xctest */,
				55A8F03724989917003F5BE4 /* SwiftUIListAndNavigationUITests.xctest */,
			);
			name = Products;
			sourceTree = "<group>";
		};
		55A8F01824989905003F5BE4 /* SwiftUIListAndNavigation */ = {
			isa = PBXGroup;
			children = (
				55A8F05924989A8B003F5BE4 /* Model */,
				55A8F04E24989996003F5BE4 /* View */,
				55A8F04924989928003F5BE4 /* Default Classes */,
				55A8F01F24989916003F5BE4 /* Assets.xcassets */,
				55A8F02424989916003F5BE4 /* LaunchScreen.storyboard */,
				55A8F02724989916003F5BE4 /* Info.plist */,
				55A8F02124989916003F5BE4 /* Preview Content */,
			);
			path = SwiftUIListAndNavigation;
			sourceTree = "<group>";
		};
		55A8F02124989916003F5BE4 /* Preview Content */ = {
			isa = PBXGroup;
			children = (
				55A8F02224989916003F5BE4 /* Preview Assets.xcassets */,
			);
			path = "Preview Content";
			sourceTree = "<group>";
		};
		55A8F02F24989917003F5BE4 /* SwiftUIListAndNavigationTests */ = {
			isa = PBXGroup;
			children = (
				55A8F03024989917003F5BE4 /* SwiftUIListAndNavigationTests.swift */,
				55A8F03224989917003F5BE4 /* Info.plist */,
			);
			path = SwiftUIListAndNavigationTests;
			sourceTree = "<group>";
		};
		55A8F03A24989917003F5BE4 /* SwiftUIListAndNavigationUITests */ = {
			isa = PBXGroup;
			children = (
				55A8F03B24989917003F5BE4 /* SwiftUIListAndNavigationUITests.swift */,
				55A8F03D24989917003F5BE4 /* Info.plist */,
			);
			path = SwiftUIListAndNavigationUITests;
			sourceTree = "<group>";
		};
		55A8F04924989928003F5BE4 /* Default Classes */ = {
			isa = PBXGroup;
			children = (
				55A8F04B24989988003F5BE4 /* AppDelegate.swift */,
				55A8F04A24989988003F5BE4 /* SceneDelegate.swift */,
			);
			path = "Default Classes";
			sourceTree = "<group>";
		};
		55A8F04E24989996003F5BE4 /* View */ = {
			isa = PBXGroup;
			children = (
				55A8F05124989A3B003F5BE4 /* FruitsDetailView.swift */,
				55A8F05224989A3B003F5BE4 /* FruitsHomePage.swift */,
			);
			path = View;
			sourceTree = "<group>";
		};
		55A8F05924989A8B003F5BE4 /* Model */ = {
			isa = PBXGroup;
			children = (
				55A8F05C24989AB7003F5BE4 /* Fruits.swift */,
			);
			path = Model;
			sourceTree = "<group>";
		};
/* End PBXGroup section */

/* Begin PBXNativeTarget section */
		55A8F01524989905003F5BE4 /* SwiftUIListAndNavigation */ = {
			isa = PBXNativeTarget;
			buildConfigurationList = 55A8F04024989917003F5BE4 /* Build configuration list for PBXNativeTarget "SwiftUIListAndNavigation" */;
			buildPhases = (
				55A8F01224989905003F5BE4 /* Sources */,
				55A8F01324989905003F5BE4 /* Frameworks */,
				55A8F01424989905003F5BE4 /* Resources */,
			);
			buildRules = (
			);
			dependencies = (
			);
			name = SwiftUIListAndNavigation;
			productName = SwiftUIListAndNavigation;
			productReference = 55A8F01624989905003F5BE4 /* SwiftUIListAndNavigation.app */;
			productType = "com.apple.product-type.application";
		};
		55A8F02B24989917003F5BE4 /* SwiftUIListAndNavigationTests */ = {
			isa = PBXNativeTarget;
			buildConfigurationList = 55A8F04324989917003F5BE4 /* Build configuration list for PBXNativeTarget "SwiftUIListAndNavigationTests" */;
			buildPhases = (
				55A8F02824989917003F5BE4 /* Sources */,
				55A8F02924989917003F5BE4 /* Frameworks */,
				55A8F02A24989917003F5BE4 /* Resources */,
			);
			buildRules = (
			);
			dependencies = (
				55A8F02E24989917003F5BE4 /* PBXTargetDependency */,
			);
			name = SwiftUIListAndNavigationTests;
			productName = SwiftUIListAndNavigationTests;
			productReference = 55A8F02C24989917003F5BE4 /* SwiftUIListAndNavigationTests.xctest */;
			productType = "com.apple.product-type.bundle.unit-test";
		};
		55A8F03624989917003F5BE4 /* SwiftUIListAndNavigationUITests */ = {
			isa = PBXNativeTarget;
			buildConfigurationList = 55A8F04624989917003F5BE4 /* Build configuration list for PBXNativeTarget "SwiftUIListAndNavigationUITests" */;
			buildPhases = (
				55A8F03324989917003F5BE4 /* Sources */,
				55A8F03424989917003F5BE4 /* Frameworks */,
				55A8F03524989917003F5BE4 /* Resources */,
			);
			buildRules = (
			);
			dependencies = (
				55A8F03924989917003F5BE4 /* PBXTargetDependency */,
			);
			name = SwiftUIListAndNavigationUITests;
			productName = SwiftUIListAndNavigationUITests;
			productReference = 55A8F03724989917003F5BE4 /* SwiftUIListAndNavigationUITests.xctest */;
			productType = "com.apple.product-type.bundle.ui-testing";
		};
/* End PBXNativeTarget section */

/* Begin PBXProject section */
		55A8F00E24989905003F5BE4 /* Project object */ = {
			isa = PBXProject;
			attributes = {
				LastSwiftUpdateCheck = 1130;
				LastUpgradeCheck = 1130;
				ORGANIZATIONNAME = "Pankaj Talreja";
				TargetAttributes = {
					55A8F01524989905003F5BE4 = {
						CreatedOnToolsVersion = 11.3.1;
					};
					55A8F02B24989917003F5BE4 = {
						CreatedOnToolsVersion = 11.3.1;
						TestTargetID = 55A8F01524989905003F5BE4;
					};
					55A8F03624989917003F5BE4 = {
						CreatedOnToolsVersion = 11.3.1;
						TestTargetID = 55A8F01524989905003F5BE4;
					};
				};
			};
			buildConfigurationList = 55A8F01124989905003F5BE4 /* Build configuration list for PBXProject "SwiftUIListAndNavigation" */;
			compatibilityVersion = "Xcode 9.3";
			developmentRegion = en;
			hasScannedForEncodings = 0;
			knownRegions = (
				en,
				Base,
			);
			mainGroup = 55A8F00D24989905003F5BE4;
			productRefGroup = 55A8F01724989905003F5BE4 /* Products */;
			projectDirPath = "";
			projectRoot = "";
			targets = (
				55A8F01524989905003F5BE4 /* SwiftUIListAndNavigation */,
				55A8F02B24989917003F5BE4 /* SwiftUIListAndNavigationTests */,
				55A8F03624989917003F5BE4 /* SwiftUIListAndNavigationUITests */,
			);
		};
/* End PBXProject section */

/* Begin PBXResourcesBuildPhase section */
		55A8F01424989905003F5BE4 /* Resources */ = {
			isa = PBXResourcesBuildPhase;
			buildActionMask = 2147483647;
			files = (
				55A8F02624989916003F5BE4 /* LaunchScreen.storyboard in Resources */,
				55A8F02324989916003F5BE4 /* Preview Assets.xcassets in Resources */,
				55A8F02024989916003F5BE4 /* Assets.xcassets in Resources */,
			);
			runOnlyForDeploymentPostprocessing = 0;
		};
		55A8F02A24989917003F5BE4 /* Resources */ = {
			isa = PBXResourcesBuildPhase;
			buildActionMask = 2147483647;
			files = (
			);
			runOnlyForDeploymentPostprocessing = 0;
		};
		55A8F03524989917003F5BE4 /* Resources */ = {
			isa = PBXResourcesBuildPhase;
			buildActionMask = 2147483647;
			files = (
			);
			runOnlyForDeploymentPostprocessing = 0;
		};
/* End PBXResourcesBuildPhase section */

/* Begin PBXSourcesBuildPhase section */
		55A8F01224989905003F5BE4 /* Sources */ = {
			isa = PBXSourcesBuildPhase;
			buildActionMask = 2147483647;
			files = (
				55A8F05D24989AB7003F5BE4 /* Fruits.swift in Sources */,
				55A8F04D24989988003F5BE4 /* AppDelegate.swift in Sources */,
				55A8F04C24989988003F5BE4 /* SceneDelegate.swift in Sources */,
				55A8F05424989A3B003F5BE4 /* FruitsHomePage.swift in Sources */,
				55A8F05324989A3B003F5BE4 /* FruitsDetailView.swift in Sources */,
			);
			runOnlyForDeploymentPostprocessing = 0;
		};
		55A8F02824989917003F5BE4 /* Sources */ = {
			isa = PBXSourcesBuildPhase;
			buildActionMask = 2147483647;
			files = (
				55A8F03124989917003F5BE4 /* SwiftUIListAndNavigationTests.swift in Sources */,
			);
			runOnlyForDeploymentPostprocessing = 0;
		};
		55A8F03324989917003F5BE4 /* Sources */ = {
			isa = PBXSourcesBuildPhase;
			buildActionMask = 2147483647;
			files = (
				55A8F03C24989917003F5BE4 /* SwiftUIListAndNavigationUITests.swift in Sources */,
			);
			runOnlyForDeploymentPostprocessing = 0;
		};
/* End PBXSourcesBuildPhase section */

/* Begin PBXTargetDependency section */
		55A8F02E24989917003F5BE4 /* PBXTargetDependency */ = {
			isa = PBXTargetDependency;
			target = 55A8F01524989905003F5BE4 /* SwiftUIListAndNavigation */;
			targetProxy = 55A8F02D24989917003F5BE4 /* PBXContainerItemProxy */;
		};
		55A8F03924989917003F5BE4 /* PBXTargetDependency */ = {
			isa = PBXTargetDependency;
			target = 55A8F01524989905003F5BE4 /* SwiftUIListAndNavigation */;
			targetProxy = 55A8F03824989917003F5BE4 /* PBXContainerItemProxy */;
		};
/* End PBXTargetDependency section */

/* Begin PBXVariantGroup section */
		55A8F02424989916003F5BE4 /* LaunchScreen.storyboard */ = {
			isa = PBXVariantGroup;
			children = (
				55A8F02524989916003F5BE4 /* Base */,
			);
			name = LaunchScreen.storyboard;
			sourceTree = "<group>";
		};
/* End PBXVariantGroup section */

/* Begin XCBuildConfiguration section */
		55A8F03E24989917003F5BE4 /* Debug */ = {
			isa = XCBuildConfiguration;
			buildSettings = {
				ALWAYS_SEARCH_USER_PATHS = NO;
				CLANG_ANALYZER_NONNULL = YES;
				CLANG_ANALYZER_NUMBER_OBJECT_CONVERSION = YES_AGGRESSIVE;
				CLANG_CXX_LANGUAGE_STANDARD = "gnu++14";
				CLANG_CXX_LIBRARY = "libc++";
				CLANG_ENABLE_MODULES = YES;
				CLANG_ENABLE_OBJC_ARC = YES;
				CLANG_ENABLE_OBJC_WEAK = YES;
				CLANG_WARN_BLOCK_CAPTURE_AUTORELEASING = YES;
				CLANG_WARN_BOOL_CONVERSION = YES;
				CLANG_WARN_COMMA = YES;
				CLANG_WARN_CONSTANT_CONVERSION = YES;
				CLANG_WARN_DEPRECATED_OBJC_IMPLEMENTATIONS = YES;
				CLANG_WARN_DIRECT_OBJC_ISA_USAGE = YES_ERROR;
				CLANG_WARN_DOCUMENTATION_COMMENTS = YES;
				CLANG_WARN_EMPTY_BODY = YES;
				CLANG_WARN_ENUM_CONVERSION = YES;
				CLANG_WARN_INFINITE_RECURSION = YES;
				CLANG_WARN_INT_CONVERSION = YES;
				CLANG_WARN_NON_LITERAL_NULL_CONVERSION = YES;
				CLANG_WARN_OBJC_IMPLICIT_RETAIN_SELF = YES;
				CLANG_WARN_OBJC_LITERAL_CONVERSION = YES;
				CLANG_WARN_OBJC_ROOT_CLASS = YES_ERROR;
				CLANG_WARN_RANGE_LOOP_ANALYSIS = YES;
				CLANG_WARN_STRICT_PROTOTYPES = YES;
				CLANG_WARN_SUSPICIOUS_MOVE = YES;
				CLANG_WARN_UNGUARDED_AVAILABILITY = YES_AGGRESSIVE;
				CLANG_WARN_UNREACHABLE_CODE = YES;
				CLANG_WARN__DUPLICATE_METHOD_MATCH = YES;
				COPY_PHASE_STRIP = NO;
				DEBUG_INFORMATION_FORMAT = dwarf;
				ENABLE_STRICT_OBJC_MSGSEND = YES;
				ENABLE_TESTABILITY = YES;
				GCC_C_LANGUAGE_STANDARD = gnu11;
				GCC_DYNAMIC_NO_PIC = NO;
				GCC_NO_COMMON_BLOCKS = YES;
				GCC_OPTIMIZATION_LEVEL = 0;
				GCC_PREPROCESSOR_DEFINITIONS = (
					"DEBUG=1",
					"$(inherited)",
				);
				GCC_WARN_64_TO_32_BIT_CONVERSION = YES;
				GCC_WARN_ABOUT_RETURN_TYPE = YES_ERROR;
				GCC_WARN_UNDECLARED_SELECTOR = YES;
				GCC_WARN_UNINITIALIZED_AUTOS = YES_AGGRESSIVE;
				GCC_WARN_UNUSED_FUNCTION = YES;
				GCC_WARN_UNUSED_VARIABLE = YES;
				IPHONEOS_DEPLOYMENT_TARGET = 13.2;
				MTL_ENABLE_DEBUG_INFO = INCLUDE_SOURCE;
				MTL_FAST_MATH = YES;
				ONLY_ACTIVE_ARCH = YES;
				SDKROOT = iphoneos;
				SWIFT_ACTIVE_COMPILATION_CONDITIONS = DEBUG;
				SWIFT_OPTIMIZATION_LEVEL = "-Onone";
			};
			name = Debug;
		};
		55A8F03F24989917003F5BE4 /* Release */ = {
			isa = XCBuildConfiguration;
			buildSettings = {
				ALWAYS_SEARCH_USER_PATHS = NO;
				CLANG_ANALYZER_NONNULL = YES;
				CLANG_ANALYZER_NUMBER_OBJECT_CONVERSION = YES_AGGRESSIVE;
				CLANG_CXX_LANGUAGE_STANDARD = "gnu++14";
				CLANG_CXX_LIBRARY = "libc++";
				CLANG_ENABLE_MODULES = YES;
				CLANG_ENABLE_OBJC_ARC = YES;
				CLANG_ENABLE_OBJC_WEAK = YES;
				CLANG_WARN_BLOCK_CAPTURE_AUTORELEASING = YES;
				CLANG_WARN_BOOL_CONVERSION = YES;
				CLANG_WARN_COMMA = YES;
				CLANG_WARN_CONSTANT_CONVERSION = YES;
				CLANG_WARN_DEPRECATED_OBJC_IMPLEMENTATIONS = YES;
				CLANG_WARN_DIRECT_OBJC_ISA_USAGE = YES_ERROR;
				CLANG_WARN_DOCUMENTATION_COMMENTS = YES;
				CLANG_WARN_EMPTY_BODY = YES;
				CLANG_WARN_ENUM_CONVERSION = YES;
				CLANG_WARN_INFINITE_RECURSION = YES;
				CLANG_WARN_INT_CONVERSION = YES;
				CLANG_WARN_NON_LITERAL_NULL_CONVERSION = YES;
				CLANG_WARN_OBJC_IMPLICIT_RETAIN_SELF = YES;
				CLANG_WARN_OBJC_LITERAL_CONVERSION = YES;
				CLANG_WARN_OBJC_ROOT_CLASS = YES_ERROR;
				CLANG_WARN_RANGE_LOOP_ANALYSIS = YES;
				CLANG_WARN_STRICT_PROTOTYPES = YES;
				CLANG_WARN_SUSPICIOUS_MOVE = YES;
				CLANG_WARN_UNGUARDED_AVAILABILITY = YES_AGGRESSIVE;
				CLANG_WARN_UNREACHABLE_CODE = YES;
				CLANG_WARN__DUPLICATE_METHOD_MATCH = YES;
				COPY_PHASE_STRIP = NO;
				DEBUG_INFORMATION_FORMAT = "dwarf-with-dsym";
				ENABLE_NS_ASSERTIONS = NO;
				ENABLE_STRICT_OBJC_MSGSEND = YES;
				GCC_C_LANGUAGE_STANDARD = gnu11;
				GCC_NO_COMMON_BLOCKS = YES;
				GCC_WARN_64_TO_32_BIT_CONVERSION = YES;
				GCC_WARN_ABOUT_RETURN_TYPE = YES_ERROR;
				GCC_WARN_UNDECLARED_SELECTOR = YES;
				GCC_WARN_UNINITIALIZED_AUTOS = YES_AGGRESSIVE;
				GCC_WARN_UNUSED_FUNCTION = YES;
				GCC_WARN_UNUSED_VARIABLE = YES;
				IPHONEOS_DEPLOYMENT_TARGET = 13.2;
				MTL_ENABLE_DEBUG_INFO = NO;
				MTL_FAST_MATH = YES;
				SDKROOT = iphoneos;
				SWIFT_COMPILATION_MODE = wholemodule;
				SWIFT_OPTIMIZATION_LEVEL = "-O";
				VALIDATE_PRODUCT = YES;
			};
			name = Release;
		};
		55A8F04124989917003F5BE4 /* Debug */ = {
			isa = XCBuildConfiguration;
			buildSettings = {
				ASSETCATALOG_COMPILER_APPICON_NAME = AppIcon;
				CODE_SIGN_STYLE = Automatic;
				DEVELOPMENT_ASSET_PATHS = "\"SwiftUIListAndNavigation/Preview Content\"";
				DEVELOPMENT_TEAM = PM49SKN8FU;
				ENABLE_PREVIEWS = YES;
				INFOPLIST_FILE = SwiftUIListAndNavigation/Info.plist;
				LD_RUNPATH_SEARCH_PATHS = (
					"$(inherited)",
					"@executable_path/Frameworks",
				);
				PRODUCT_BUNDLE_IDENTIFIER = com.pankaj.SwiftUIListAndNavigation;
				PRODUCT_NAME = "$(TARGET_NAME)";
				SWIFT_VERSION = 5.0;
				TARGETED_DEVICE_FAMILY = "1,2";
			};
			name = Debug;
		};
		55A8F04224989917003F5BE4 /* Release */ = {
			isa = XCBuildConfiguration;
			buildSettings = {
				ASSETCATALOG_COMPILER_APPICON_NAME = AppIcon;
				CODE_SIGN_STYLE = Automatic;
				DEVELOPMENT_ASSET_PATHS = "\"SwiftUIListAndNavigation/Preview Content\"";
				DEVELOPMENT_TEAM = PM49SKN8FU;
				ENABLE_PREVIEWS = YES;
				INFOPLIST_FILE = SwiftUIListAndNavigation/Info.plist;
				LD_RUNPATH_SEARCH_PATHS = (
					"$(inherited)",
					"@executable_path/Frameworks",
				);
				PRODUCT_BUNDLE_IDENTIFIER = com.pankaj.SwiftUIListAndNavigation;
				PRODUCT_NAME = "$(TARGET_NAME)";
				SWIFT_VERSION = 5.0;
				TARGETED_DEVICE_FAMILY = "1,2";
			};
			name = Release;
		};
		55A8F04424989917003F5BE4 /* Debug */ = {
			isa = XCBuildConfiguration;
			buildSettings = {
				ALWAYS_EMBED_SWIFT_STANDARD_LIBRARIES = YES;
				BUNDLE_LOADER = "$(TEST_HOST)";
				CODE_SIGN_STYLE = Automatic;
				DEVELOPMENT_TEAM = PM49SKN8FU;
				INFOPLIST_FILE = SwiftUIListAndNavigationTests/Info.plist;
				IPHONEOS_DEPLOYMENT_TARGET = 13.2;
				LD_RUNPATH_SEARCH_PATHS = (
					"$(inherited)",
					"@executable_path/Frameworks",
					"@loader_path/Frameworks",
				);
				PRODUCT_BUNDLE_IDENTIFIER = com.pankaj.SwiftUIListAndNavigationTests;
				PRODUCT_NAME = "$(TARGET_NAME)";
				SWIFT_VERSION = 5.0;
				TARGETED_DEVICE_FAMILY = "1,2";
				TEST_HOST = "$(BUILT_PRODUCTS_DIR)/SwiftUIListAndNavigation.app/SwiftUIListAndNavigation";
			};
			name = Debug;
		};
		55A8F04524989917003F5BE4 /* Release */ = {
			isa = XCBuildConfiguration;
			buildSettings = {
				ALWAYS_EMBED_SWIFT_STANDARD_LIBRARIES = YES;
				BUNDLE_LOADER = "$(TEST_HOST)";
				CODE_SIGN_STYLE = Automatic;
				DEVELOPMENT_TEAM = PM49SKN8FU;
				INFOPLIST_FILE = SwiftUIListAndNavigationTests/Info.plist;
				IPHONEOS_DEPLOYMENT_TARGET = 13.2;
				LD_RUNPATH_SEARCH_PATHS = (
					"$(inherited)",
					"@executable_path/Frameworks",
					"@loader_path/Frameworks",
				);
				PRODUCT_BUNDLE_IDENTIFIER = com.pankaj.SwiftUIListAndNavigationTests;
				PRODUCT_NAME = "$(TARGET_NAME)";
				SWIFT_VERSION = 5.0;
				TARGETED_DEVICE_FAMILY = "1,2";
				TEST_HOST = "$(BUILT_PRODUCTS_DIR)/SwiftUIListAndNavigation.app/SwiftUIListAndNavigation";
			};
			name = Release;
		};
		55A8F04724989917003F5BE4 /* Debug */ = {
			isa = XCBuildConfiguration;
			buildSettings = {
				ALWAYS_EMBED_SWIFT_STANDARD_LIBRARIES = YES;
				CODE_SIGN_STYLE = Automatic;
				DEVELOPMENT_TEAM = PM49SKN8FU;
				INFOPLIST_FILE = SwiftUIListAndNavigationUITests/Info.plist;
				LD_RUNPATH_SEARCH_PATHS = (
					"$(inherited)",
					"@executable_path/Frameworks",
					"@loader_path/Frameworks",
				);
				PRODUCT_BUNDLE_IDENTIFIER = com.pankaj.SwiftUIListAndNavigationUITests;
				PRODUCT_NAME = "$(TARGET_NAME)";
				SWIFT_VERSION = 5.0;
				TARGETED_DEVICE_FAMILY = "1,2";
				TEST_TARGET_NAME = SwiftUIListAndNavigation;
			};
			name = Debug;
		};
		55A8F04824989917003F5BE4 /* Release */ = {
			isa = XCBuildConfiguration;
			buildSettings = {
				ALWAYS_EMBED_SWIFT_STANDARD_LIBRARIES = YES;
				CODE_SIGN_STYLE = Automatic;
				DEVELOPMENT_TEAM = PM49SKN8FU;
				INFOPLIST_FILE = SwiftUIListAndNavigationUITests/Info.plist;
				LD_RUNPATH_SEARCH_PATHS = (
					"$(inherited)",
					"@executable_path/Frameworks",
					"@loader_path/Frameworks",
				);
				PRODUCT_BUNDLE_IDENTIFIER = com.pankaj.SwiftUIListAndNavigationUITests;
				PRODUCT_NAME = "$(TARGET_NAME)";
				SWIFT_VERSION = 5.0;
				TARGETED_DEVICE_FAMILY = "1,2";
				TEST_TARGET_NAME = SwiftUIListAndNavigation;
			};
			name = Release;
		};
/* End XCBuildConfiguration section */

/* Begin XCConfigurationList section */
		55A8F01124989905003F5BE4 /* Build configuration list for PBXProject "SwiftUIListAndNavigation" */ = {
			isa = XCConfigurationList;
			buildConfigurations = (
				55A8F03E24989917003F5BE4 /* Debug */,
				55A8F03F24989917003F5BE4 /* Release */,
			);
			defaultConfigurationIsVisible = 0;
			defaultConfigurationName = Release;
		};
		55A8F04024989917003F5BE4 /* Build configuration list for PBXNativeTarget "SwiftUIListAndNavigation" */ = {
			isa = XCConfigurationList;
			buildConfigurations = (
				55A8F04124989917003F5BE4 /* Debug */,
				55A8F04224989917003F5BE4 /* Release */,
			);
			defaultConfigurationIsVisible = 0;
			defaultConfigurationName = Release;
		};
		55A8F04324989917003F5BE4 /* Build configuration list for PBXNativeTarget "SwiftUIListAndNavigationTests" */ = {
			isa = XCConfigurationList;
			buildConfigurations = (
				55A8F04424989917003F5BE4 /* Debug */,
				55A8F04524989917003F5BE4 /* Release */,
			);
			defaultConfigurationIsVisible = 0;
			defaultConfigurationName = Release;
		};
		55A8F04624989917003F5BE4 /* Build configuration list for PBXNativeTarget "SwiftUIListAndNavigationUITests" */ = {
			isa = XCConfigurationList;
			buildConfigurations = (
				55A8F04724989917003F5BE4 /* Debug */,
				55A8F04824989917003F5BE4 /* Release */,
			);
			defaultConfigurationIsVisible = 0;
			defaultConfigurationName = Release;
		};
/* End XCConfigurationList section */
	};
	rootObject = 55A8F00E24989905003F5BE4 /* Project object */;
}
